
Microsoft Visual Studio Solution File, Format Version 12.00
# Visual Studio Version 16
VisualStudioVersion = 16.0.31613.86
MinimumVisualStudioVersion = 10.0.40219.1
Project("{FAE04EC0-301F-11D3-BF4B-00C04F79EFBC}") = "Syncfusion.Server.EmbedApplication", "Syncfusion.Server.EmbedApplication\Syncfusion.Server.EmbedApplication.csproj", "{03F37107-A9AB-450B-85FF-6DC34EC484E4}"
EndProject
Global
	GlobalSection(SolutionConfigurationPlatforms) = preSolution
		Debug|Any CPU = Debug|Any CPU
		Release|Any CPU = Release|Any CPU
	EndGlobalSection
	GlobalSection(ProjectConfigurationPlatforms) = postSolution
		{03F37107-A9AB-450B-85FF-6DC34EC484E4}.Debug|Any CPU.ActiveCfg = Debug|Any CPU
		{03F37107-A9AB-450B-85FF-6DC34EC484E4}.Debug|Any CPU.Build.0 = Debug|Any CPU
		{03F37107-A9AB-450B-85FF-6DC34EC484E4}.Release|Any CPU.ActiveCfg = Release|Any CPU
		{03F37107-A9AB-450B-85FF-6DC34EC484E4}.Release|Any CPU.Build.0 = Release|Any CPU
	EndGlobalSection
	GlobalSection(SolutionProperties) = preSolution
		HideSolutionNode = FALSE
	EndGlobalSection
	GlobalSection(ExtensibilityGlobals) = postSolution
		SolutionGuid = {1FD9E727-AB0E-4082-8029-276B70114209}
	EndGlobalSection
EndGlobal
